
Microsoft Visual Studio Solution File, Format Version 11.00
# Visual Studio 2010
Project("{FAE04EC0-301F-11D3-BF4B-00C04F79EFBC}") = "RadiUX.Unity", "RadiUX.Unity\RadiUX.Unity.csproj", "{B48E4522-77D4-4EB2-873F-6BD29231DB91}"
EndProject
Project("{FAE04EC0-301F-11D3-BF4B-00C04F79EFBC}") = "RadiUX.Model", "RadiUX.Model\RadiUX.Model.csproj", "{B64381E5-B598-4336-AEB5-305CA73A3927}"
EndProject
Project("{FAE04EC0-301F-11D3-BF4B-00C04F79EFBC}") = "RadiUX.Unity.Editors", "RadiUX.Unity.Editors\RadiUX.Unity.Editors.csproj", "{1672DB0D-A3B7-4CCF-A2F0-D6446575BDC7}"
EndProject
Project("{FAE04EC0-301F-11D3-BF4B-00C04F79EFBC}") = "RadiUX.Unity.Demo", "RadiUX.Unity.Demo\RadiUX.Unity.Demo.csproj", "{1CAFCAE0-746C-4F7F-BBEC-2D1E24ABFC91}"
EndProject
Global
	GlobalSection(SolutionConfigurationPlatforms) = preSolution
		Debug|Any CPU = Debug|Any CPU
		Debug|Mixed Platforms = Debug|Mixed Platforms
		Debug|x86 = Debug|x86
		Release|Any CPU = Release|Any CPU
		Release|Mixed Platforms = Release|Mixed Platforms
		Release|x86 = Release|x86
	EndGlobalSection
	GlobalSection(ProjectConfigurationPlatforms) = postSolution
		{B48E4522-77D4-4EB2-873F-6BD29231DB91}.Debug|Any CPU.ActiveCfg = Debug|Any CPU
		{B48E4522-77D4-4EB2-873F-6BD29231DB91}.Debug|Any CPU.Build.0 = Debug|Any CPU
		{B48E4522-77D4-4EB2-873F-6BD29231DB91}.Debug|Mixed Platforms.ActiveCfg = Debug|Any CPU
		{B48E4522-77D4-4EB2-873F-6BD29231DB91}.Debug|Mixed Platforms.Build.0 = Debug|Any CPU
		{B48E4522-77D4-4EB2-873F-6BD29231DB91}.Debug|x86.ActiveCfg = Debug|Any CPU
		{B48E4522-77D4-4EB2-873F-6BD29231DB91}.Release|Any CPU.ActiveCfg = Release|Any CPU
		{B48E4522-77D4-4EB2-873F-6BD29231DB91}.Release|Any CPU.Build.0 = Release|Any CPU
		{B48E4522-77D4-4EB2-873F-6BD29231DB91}.Release|Mixed Platforms.ActiveCfg = Release|Any CPU
		{B48E4522-77D4-4EB2-873F-6BD29231DB91}.Release|Mixed Platforms.Build.0 = Release|Any CPU
		{B48E4522-77D4-4EB2-873F-6BD29231DB91}.Release|x86.ActiveCfg = Release|Any CPU
		{B64381E5-B598-4336-AEB5-305CA73A3927}.Debug|Any CPU.ActiveCfg = Debug|Any CPU
		{B64381E5-B598-4336-AEB5-305CA73A3927}.Debug|Any CPU.Build.0 = Debug|Any CPU
		{B64381E5-B598-4336-AEB5-305CA73A3927}.Debug|Mixed Platforms.ActiveCfg = Debug|Any CPU
		{B64381E5-B598-4336-AEB5-305CA73A3927}.Debug|Mixed Platforms.Build.0 = Debug|Any CPU
		{B64381E5-B598-4336-AEB5-305CA73A3927}.Debug|x86.ActiveCfg = Debug|Any CPU
		{B64381E5-B598-4336-AEB5-305CA73A3927}.Release|Any CPU.ActiveCfg = Release|Any CPU
		{B64381E5-B598-4336-AEB5-305CA73A3927}.Release|Any CPU.Build.0 = Release|Any CPU
		{B64381E5-B598-4336-AEB5-305CA73A3927}.Release|Mixed Platforms.ActiveCfg = Release|Any CPU
		{B64381E5-B598-4336-AEB5-305CA73A3927}.Release|Mixed Platforms.Build.0 = Release|Any CPU
		{B64381E5-B598-4336-AEB5-305CA73A3927}.Release|x86.ActiveCfg = Release|Any CPU
		{1672DB0D-A3B7-4CCF-A2F0-D6446575BDC7}.Debug|Any CPU.ActiveCfg = Debug|Any CPU
		{1672DB0D-A3B7-4CCF-A2F0-D6446575BDC7}.Debug|Any CPU.Build.0 = Debug|Any CPU
		{1672DB0D-A3B7-4CCF-A2F0-D6446575BDC7}.Debug|Mixed Platforms.ActiveCfg = Debug|Any CPU
		{1672DB0D-A3B7-4CCF-A2F0-D6446575BDC7}.Debug|Mixed Platforms.Build.0 = Debug|Any CPU
		{1672DB0D-A3B7-4CCF-A2F0-D6446575BDC7}.Debug|x86.ActiveCfg = Debug|Any CPU
		{1672DB0D-A3B7-4CCF-A2F0-D6446575BDC7}.Release|Any CPU.ActiveCfg = Release|Any CPU
		{1672DB0D-A3B7-4CCF-A2F0-D6446575BDC7}.Release|Any CPU.Build.0 = Release|Any CPU
		{1672DB0D-A3B7-4CCF-A2F0-D6446575BDC7}.Release|Mixed Platforms.ActiveCfg = Release|Any CPU
		{1672DB0D-A3B7-4CCF-A2F0-D6446575BDC7}.Release|Mixed Platforms.Build.0 = Release|Any CPU
		{1672DB0D-A3B7-4CCF-A2F0-D6446575BDC7}.Release|x86.ActiveCfg = Release|Any CPU
		{1CAFCAE0-746C-4F7F-BBEC-2D1E24ABFC91}.Debug|Any CPU.ActiveCfg = Debug|Any CPU
		{1CAFCAE0-746C-4F7F-BBEC-2D1E24ABFC91}.Debug|Any CPU.Build.0 = Debug|Any CPU
		{1CAFCAE0-746C-4F7F-BBEC-2D1E24ABFC91}.Debug|Mixed Platforms.ActiveCfg = Debug|Any CPU
		{1CAFCAE0-746C-4F7F-BBEC-2D1E24ABFC91}.Debug|Mixed Platforms.Build.0 = Debug|Any CPU
		{1CAFCAE0-746C-4F7F-BBEC-2D1E24ABFC91}.Debug|x86.ActiveCfg = Debug|Any CPU
		{1CAFCAE0-746C-4F7F-BBEC-2D1E24ABFC91}.Release|Any CPU.ActiveCfg = Release|Any CPU
		{1CAFCAE0-746C-4F7F-BBEC-2D1E24ABFC91}.Release|Any CPU.Build.0 = Release|Any CPU
		{1CAFCAE0-746C-4F7F-BBEC-2D1E24ABFC91}.Release|Mixed Platforms.ActiveCfg = Release|Any CPU
		{1CAFCAE0-746C-4F7F-BBEC-2D1E24ABFC91}.Release|Mixed Platforms.Build.0 = Release|Any CPU
		{1CAFCAE0-746C-4F7F-BBEC-2D1E24ABFC91}.Release|x86.ActiveCfg = Release|Any CPU
	EndGlobalSection
	GlobalSection(SolutionProperties) = preSolution
		HideSolutionNode = FALSE
	EndGlobalSection
	GlobalSection(MonoDevelopProperties) = preSolution
		StartupItem = RadiUX.Unity\RadiUX.Unity.csproj
	EndGlobalSection
EndGlobal
